{
  "version": 4,
  "terraform_version": "1.8.3",
  "serial": 11,
  "lineage": "933736a7-a27f-9c95-2fc3-ec990c5a682c",
  "outputs": {},
  "resources": [
    {
      "mode": "managed",
      "type": "genesyscloud_architect_datatable",
      "name": "customers",
      "provider": "provider[\"registry.terraform.io/mypurecloud/genesyscloud\"]",
      "instances": [
        {
          "schema_version": 1,
          "attributes": {
            "description": "Table of Customers",
            "division_id": "ab4b21d3-a456-422d-8536-ded0c16fdd90",
            "id": "e3f9007b-e653-4f1e-8354-55f4f90214ff",
            "name": "Customers",
            "properties": [
              {
                "default": "",
                "name": "key",
                "title": "Email",
                "type": "string"
              },
              {
                "default": "",
                "name": "identifier",
                "title": "Customer Identifier",
                "type": "integer"
              },
              {
                "default": "false",
                "name": "deleted",
                "title": "Is Deleted",
                "type": "boolean"
              },
              {
                "default": "",
                "name": "address",
                "title": "Address",
                "type": "string"
              },
              {
                "default": "",
                "name": "vip",
                "title": "VIP Customer",
                "type": "boolean"
              }
            ]
          },
          "sensitive_attributes": [],
          "private": "eyJzY2hlbWFfdmVyc2lvbiI6IjEifQ=="
        }
      ]
    },
    {
      "mode": "managed",
      "type": "genesyscloud_architect_datatable_row",
      "name": "john-smith",
      "provider": "provider[\"registry.terraform.io/mypurecloud/genesyscloud\"]",
      "instances": [
        {
          "schema_version": 1,
          "attributes": {
            "datatable_id": "e3f9007b-e653-4f1e-8354-55f4f90214ff",
            "id": "e3f9007b-e653-4f1e-8354-55f4f90214ff/johnsmith@example.com",
            "key_value": "johnsmith@example.com",
            "properties_json": "{\"address\":\"123 Main Street\",\"deleted\":false,\"identifier\":2749,\"vip\":true}"
          },
          "sensitive_attributes": [],
          "private": "eyJzY2hlbWFfdmVyc2lvbiI6IjEifQ==",
          "dependencies": [
            "genesyscloud_architect_datatable.customers"
          ]
        }
      ]
    }
  ],
  "check_results": null
}
