{
  "version": 4,
  "terraform_version": "1.8.3",
  "serial": 11,
  "lineage": "4937fdb9-7bdf-744e-5452-79a9fd574472",
  "outputs": {},
  "resources": [
    {
      "mode": "managed",
      "type": "genesyscloud_routing_queue",
      "name": "sched_etobicoke_gdont",
      "provider": "provider[\"registry.terraform.io/mypurecloud/genesyscloud\"]",
      "instances": [
        {
          "index_key": "Queue 1",
          "schema_version": 1,
          "attributes": {
            "acw_timeout_ms": 10000,
            "acw_wrapup_prompt": "MANDATORY_TIMEOUT",
            "auto_answer_only": true,
            "bullseye_rings": [],
            "calling_party_name": "Enbridge Gas",
            "calling_party_number": "1-855-228-4898",
            "default_script_ids": null,
            "description": "GD_Ont_Scheduling_Execution",
            "direct_routing": [],
            "division_id": "ab4b21d3-a456-422d-8536-ded0c16fdd90",
            "email_in_queue_flow_id": "",
            "enable_manual_assignment": false,
            "enable_transcription": false,
            "groups": null,
            "id": "e6b948db-e07d-4d11-a1c5-12a9266c7f43",
            "media_settings_call": [
              {
                "alerting_timeout_sec": 30,
                "service_level_duration_ms": 20000,
                "service_level_percentage": 0.8
              }
            ],
            "media_settings_callback": [
              {
                "alerting_timeout_sec": 30,
                "service_level_duration_ms": 20000,
                "service_level_percentage": 0.8
              }
            ],
            "media_settings_chat": [
              {
                "alerting_timeout_sec": 30,
                "service_level_duration_ms": 20000,
                "service_level_percentage": 0.8
              }
            ],
            "media_settings_email": [
              {
                "alerting_timeout_sec": 300,
                "service_level_duration_ms": 86400000,
                "service_level_percentage": 0.8
              }
            ],
            "media_settings_message": [
              {
                "alerting_timeout_sec": 30,
                "service_level_duration_ms": 20000,
                "service_level_percentage": 0.8
              }
            ],
            "members": [],
            "message_in_queue_flow_id": "",
            "name": "Queue 1",
            "outbound_email_address": [],
            "outbound_messaging_sms_address_id": "",
            "queue_flow_id": "",
            "routing_rules": [],
            "skill_evaluation_method": "BEST",
            "skill_groups": null,
            "teams": null,
            "whisper_prompt_id": "",
            "wrapup_codes": []
          },
          "sensitive_attributes": [],
          "private": "eyJzY2hlbWFfdmVyc2lvbiI6IjEifQ=="
        },
        {
          "index_key": "Queue 10",
          "schema_version": 1,
          "attributes": {
            "acw_timeout_ms": 10000,
            "acw_wrapup_prompt": "MANDATORY_TIMEOUT",
            "auto_answer_only": true,
            "bullseye_rings": [],
            "calling_party_name": "Enbridge Gas",
            "calling_party_number": "1-855-228-4898",
            "default_script_ids": null,
            "description": "GD_Ont_Scheduling_Execution",
            "direct_routing": [],
            "division_id": "ab4b21d3-a456-422d-8536-ded0c16fdd90",
            "email_in_queue_flow_id": "",
            "enable_manual_assignment": false,
            "enable_transcription": false,
            "groups": null,
            "id": "c1e40914-b86f-4f2d-a13a-6ac60cf0205e",
            "media_settings_call": [
              {
                "alerting_timeout_sec": 30,
                "service_level_duration_ms": 20000,
                "service_level_percentage": 0.8
              }
            ],
            "media_settings_callback": [
              {
                "alerting_timeout_sec": 30,
                "service_level_duration_ms": 20000,
                "service_level_percentage": 0.8
              }
            ],
            "media_settings_chat": [
              {
                "alerting_timeout_sec": 30,
                "service_level_duration_ms": 20000,
                "service_level_percentage": 0.8
              }
            ],
            "media_settings_email": [
              {
                "alerting_timeout_sec": 300,
                "service_level_duration_ms": 86400000,
                "service_level_percentage": 0.8
              }
            ],
            "media_settings_message": [
              {
                "alerting_timeout_sec": 30,
                "service_level_duration_ms": 20000,
                "service_level_percentage": 0.8
              }
            ],
            "members": [],
            "message_in_queue_flow_id": "",
            "name": "Queue 10",
            "outbound_email_address": [],
            "outbound_messaging_sms_address_id": "",
            "queue_flow_id": "",
            "routing_rules": [],
            "skill_evaluation_method": "BEST",
            "skill_groups": null,
            "teams": null,
            "whisper_prompt_id": "",
            "wrapup_codes": []
          },
          "sensitive_attributes": [],
          "private": "eyJzY2hlbWFfdmVyc2lvbiI6IjEifQ=="
        },
        {
          "index_key": "Queue 2",
          "schema_version": 1,
          "attributes": {
            "acw_timeout_ms": 10000,
            "acw_wrapup_prompt": "MANDATORY_TIMEOUT",
            "auto_answer_only": true,
            "bullseye_rings": [],
            "calling_party_name": "Enbridge Gas",
            "calling_party_number": "1-855-228-4898",
            "default_script_ids": null,
            "description": "GD_Ont_Scheduling_Execution",
            "direct_routing": [],
            "division_id": "ab4b21d3-a456-422d-8536-ded0c16fdd90",
            "email_in_queue_flow_id": "",
            "enable_manual_assignment": false,
            "enable_transcription": false,
            "groups": null,
            "id": "ea4a776a-279a-488d-ab78-43b29b028164",
            "media_settings_call": [
              {
                "alerting_timeout_sec": 30,
                "service_level_duration_ms": 20000,
                "service_level_percentage": 0.8
              }
            ],
            "media_settings_callback": [
              {
                "alerting_timeout_sec": 30,
                "service_level_duration_ms": 20000,
                "service_level_percentage": 0.8
              }
            ],
            "media_settings_chat": [
              {
                "alerting_timeout_sec": 30,
                "service_level_duration_ms": 20000,
                "service_level_percentage": 0.8
              }
            ],
            "media_settings_email": [
              {
                "alerting_timeout_sec": 300,
                "service_level_duration_ms": 86400000,
                "service_level_percentage": 0.8
              }
            ],
            "media_settings_message": [
              {
                "alerting_timeout_sec": 30,
                "service_level_duration_ms": 20000,
                "service_level_percentage": 0.8
              }
            ],
            "members": [],
            "message_in_queue_flow_id": "",
            "name": "Queue 2",
            "outbound_email_address": [],
            "outbound_messaging_sms_address_id": "",
            "queue_flow_id": "",
            "routing_rules": [],
            "skill_evaluation_method": "BEST",
            "skill_groups": null,
            "teams": null,
            "whisper_prompt_id": "",
            "wrapup_codes": []
          },
          "sensitive_attributes": [],
          "private": "eyJzY2hlbWFfdmVyc2lvbiI6IjEifQ=="
        },
        {
          "index_key": "Queue 3",
          "schema_version": 1,
          "attributes": {
            "acw_timeout_ms": 10000,
            "acw_wrapup_prompt": "MANDATORY_TIMEOUT",
            "auto_answer_only": true,
            "bullseye_rings": [],
            "calling_party_name": "Enbridge Gas",
            "calling_party_number": "1-855-228-4898",
            "default_script_ids": null,
            "description": "GD_Ont_Scheduling_Execution",
            "direct_routing": [],
            "division_id": "ab4b21d3-a456-422d-8536-ded0c16fdd90",
            "email_in_queue_flow_id": "",
            "enable_manual_assignment": false,
            "enable_transcription": false,
            "groups": null,
            "id": "77b068f0-5d2c-43d5-8057-07eac989ea1a",
            "media_settings_call": [
              {
                "alerting_timeout_sec": 30,
                "service_level_duration_ms": 20000,
                "service_level_percentage": 0.8
              }
            ],
            "media_settings_callback": [
              {
                "alerting_timeout_sec": 30,
                "service_level_duration_ms": 20000,
                "service_level_percentage": 0.8
              }
            ],
            "media_settings_chat": [
              {
                "alerting_timeout_sec": 30,
                "service_level_duration_ms": 20000,
                "service_level_percentage": 0.8
              }
            ],
            "media_settings_email": [
              {
                "alerting_timeout_sec": 300,
                "service_level_duration_ms": 86400000,
                "service_level_percentage": 0.8
              }
            ],
            "media_settings_message": [
              {
                "alerting_timeout_sec": 30,
                "service_level_duration_ms": 20000,
                "service_level_percentage": 0.8
              }
            ],
            "members": [],
            "message_in_queue_flow_id": "",
            "name": "Queue 3",
            "outbound_email_address": [],
            "outbound_messaging_sms_address_id": "",
            "queue_flow_id": "",
            "routing_rules": [],
            "skill_evaluation_method": "BEST",
            "skill_groups": null,
            "teams": null,
            "whisper_prompt_id": "",
            "wrapup_codes": []
          },
          "sensitive_attributes": [],
          "private": "eyJzY2hlbWFfdmVyc2lvbiI6IjEifQ=="
        },
        {
          "index_key": "Queue 4",
          "schema_version": 1,
          "attributes": {
            "acw_timeout_ms": 10000,
            "acw_wrapup_prompt": "MANDATORY_TIMEOUT",
            "auto_answer_only": true,
            "bullseye_rings": [],
            "calling_party_name": "Enbridge Gas",
            "calling_party_number": "1-855-228-4898",
            "default_script_ids": null,
            "description": "GD_Ont_Scheduling_Execution",
            "direct_routing": [],
            "division_id": "ab4b21d3-a456-422d-8536-ded0c16fdd90",
            "email_in_queue_flow_id": "",
            "enable_manual_assignment": false,
            "enable_transcription": false,
            "groups": null,
            "id": "aab87f2d-064f-4fdb-9795-0ec794048244",
            "media_settings_call": [
              {
                "alerting_timeout_sec": 30,
                "service_level_duration_ms": 20000,
                "service_level_percentage": 0.8
              }
            ],
            "media_settings_callback": [
              {
                "alerting_timeout_sec": 30,
                "service_level_duration_ms": 20000,
                "service_level_percentage": 0.8
              }
            ],
            "media_settings_chat": [
              {
                "alerting_timeout_sec": 30,
                "service_level_duration_ms": 20000,
                "service_level_percentage": 0.8
              }
            ],
            "media_settings_email": [
              {
                "alerting_timeout_sec": 300,
                "service_level_duration_ms": 86400000,
                "service_level_percentage": 0.8
              }
            ],
            "media_settings_message": [
              {
                "alerting_timeout_sec": 30,
                "service_level_duration_ms": 20000,
                "service_level_percentage": 0.8
              }
            ],
            "members": [],
            "message_in_queue_flow_id": "",
            "name": "Queue 4",
            "outbound_email_address": [],
            "outbound_messaging_sms_address_id": "",
            "queue_flow_id": "",
            "routing_rules": [],
            "skill_evaluation_method": "BEST",
            "skill_groups": null,
            "teams": null,
            "whisper_prompt_id": "",
            "wrapup_codes": []
          },
          "sensitive_attributes": [],
          "private": "eyJzY2hlbWFfdmVyc2lvbiI6IjEifQ=="
        },
        {
          "index_key": "Queue 5",
          "schema_version": 1,
          "attributes": {
            "acw_timeout_ms": 10000,
            "acw_wrapup_prompt": "MANDATORY_TIMEOUT",
            "auto_answer_only": true,
            "bullseye_rings": [],
            "calling_party_name": "Enbridge Gas",
            "calling_party_number": "1-855-228-4898",
            "default_script_ids": null,
            "description": "GD_Ont_Scheduling_Execution",
            "direct_routing": [],
            "division_id": "ab4b21d3-a456-422d-8536-ded0c16fdd90",
            "email_in_queue_flow_id": "",
            "enable_manual_assignment": false,
            "enable_transcription": false,
            "groups": null,
            "id": "601bcc97-4656-4519-bc54-53fbd0908a0a",
            "media_settings_call": [
              {
                "alerting_timeout_sec": 30,
                "service_level_duration_ms": 20000,
                "service_level_percentage": 0.8
              }
            ],
            "media_settings_callback": [
              {
                "alerting_timeout_sec": 30,
                "service_level_duration_ms": 20000,
                "service_level_percentage": 0.8
              }
            ],
            "media_settings_chat": [
              {
                "alerting_timeout_sec": 30,
                "service_level_duration_ms": 20000,
                "service_level_percentage": 0.8
              }
            ],
            "media_settings_email": [
              {
                "alerting_timeout_sec": 300,
                "service_level_duration_ms": 86400000,
                "service_level_percentage": 0.8
              }
            ],
            "media_settings_message": [
              {
                "alerting_timeout_sec": 30,
                "service_level_duration_ms": 20000,
                "service_level_percentage": 0.8
              }
            ],
            "members": [],
            "message_in_queue_flow_id": "",
            "name": "Queue 5",
            "outbound_email_address": [],
            "outbound_messaging_sms_address_id": "",
            "queue_flow_id": "",
            "routing_rules": [],
            "skill_evaluation_method": "BEST",
            "skill_groups": null,
            "teams": null,
            "whisper_prompt_id": "",
            "wrapup_codes": []
          },
          "sensitive_attributes": [],
          "private": "eyJzY2hlbWFfdmVyc2lvbiI6IjEifQ=="
        },
        {
          "index_key": "Queue 6",
          "schema_version": 1,
          "attributes": {
            "acw_timeout_ms": 10000,
            "acw_wrapup_prompt": "MANDATORY_TIMEOUT",
            "auto_answer_only": true,
            "bullseye_rings": [],
            "calling_party_name": "Enbridge Gas",
            "calling_party_number": "1-855-228-4898",
            "default_script_ids": null,
            "description": "GD_Ont_Scheduling_Execution",
            "direct_routing": [],
            "division_id": "ab4b21d3-a456-422d-8536-ded0c16fdd90",
            "email_in_queue_flow_id": "",
            "enable_manual_assignment": false,
            "enable_transcription": false,
            "groups": null,
            "id": "e31ed0d7-31d9-47ed-9ce9-3d317da76450",
            "media_settings_call": [
              {
                "alerting_timeout_sec": 30,
                "service_level_duration_ms": 20000,
                "service_level_percentage": 0.8
              }
            ],
            "media_settings_callback": [
              {
                "alerting_timeout_sec": 30,
                "service_level_duration_ms": 20000,
                "service_level_percentage": 0.8
              }
            ],
            "media_settings_chat": [
              {
                "alerting_timeout_sec": 30,
                "service_level_duration_ms": 20000,
                "service_level_percentage": 0.8
              }
            ],
            "media_settings_email": [
              {
                "alerting_timeout_sec": 300,
                "service_level_duration_ms": 86400000,
                "service_level_percentage": 0.8
              }
            ],
            "media_settings_message": [
              {
                "alerting_timeout_sec": 30,
                "service_level_duration_ms": 20000,
                "service_level_percentage": 0.8
              }
            ],
            "members": [],
            "message_in_queue_flow_id": "",
            "name": "Queue 6",
            "outbound_email_address": [],
            "outbound_messaging_sms_address_id": "",
            "queue_flow_id": "",
            "routing_rules": [],
            "skill_evaluation_method": "BEST",
            "skill_groups": null,
            "teams": null,
            "whisper_prompt_id": "",
            "wrapup_codes": []
          },
          "sensitive_attributes": [],
          "private": "eyJzY2hlbWFfdmVyc2lvbiI6IjEifQ=="
        },
        {
          "index_key": "Queue 7",
          "schema_version": 1,
          "attributes": {
            "acw_timeout_ms": 10000,
            "acw_wrapup_prompt": "MANDATORY_TIMEOUT",
            "auto_answer_only": true,
            "bullseye_rings": [],
            "calling_party_name": "Enbridge Gas",
            "calling_party_number": "1-855-228-4898",
            "default_script_ids": null,
            "description": "GD_Ont_Scheduling_Execution",
            "direct_routing": [],
            "division_id": "ab4b21d3-a456-422d-8536-ded0c16fdd90",
            "email_in_queue_flow_id": "",
            "enable_manual_assignment": false,
            "enable_transcription": false,
            "groups": null,
            "id": "d735dc12-e6c7-40cc-918b-a2544f4f29ee",
            "media_settings_call": [
              {
                "alerting_timeout_sec": 30,
                "service_level_duration_ms": 20000,
                "service_level_percentage": 0.8
              }
            ],
            "media_settings_callback": [
              {
                "alerting_timeout_sec": 30,
                "service_level_duration_ms": 20000,
                "service_level_percentage": 0.8
              }
            ],
            "media_settings_chat": [
              {
                "alerting_timeout_sec": 30,
                "service_level_duration_ms": 20000,
                "service_level_percentage": 0.8
              }
            ],
            "media_settings_email": [
              {
                "alerting_timeout_sec": 300,
                "service_level_duration_ms": 86400000,
                "service_level_percentage": 0.8
              }
            ],
            "media_settings_message": [
              {
                "alerting_timeout_sec": 30,
                "service_level_duration_ms": 20000,
                "service_level_percentage": 0.8
              }
            ],
            "members": [],
            "message_in_queue_flow_id": "",
            "name": "Queue 7",
            "outbound_email_address": [],
            "outbound_messaging_sms_address_id": "",
            "queue_flow_id": "",
            "routing_rules": [],
            "skill_evaluation_method": "BEST",
            "skill_groups": null,
            "teams": null,
            "whisper_prompt_id": "",
            "wrapup_codes": []
          },
          "sensitive_attributes": [],
          "private": "eyJzY2hlbWFfdmVyc2lvbiI6IjEifQ=="
        },
        {
          "index_key": "Queue 8",
          "schema_version": 1,
          "attributes": {
            "acw_timeout_ms": 10000,
            "acw_wrapup_prompt": "MANDATORY_TIMEOUT",
            "auto_answer_only": true,
            "bullseye_rings": [],
            "calling_party_name": "Enbridge Gas",
            "calling_party_number": "1-855-228-4898",
            "default_script_ids": null,
            "description": "GD_Ont_Scheduling_Execution",
            "direct_routing": [],
            "division_id": "ab4b21d3-a456-422d-8536-ded0c16fdd90",
            "email_in_queue_flow_id": "",
            "enable_manual_assignment": false,
            "enable_transcription": false,
            "groups": null,
            "id": "1872b494-395c-4186-8c0c-6f106b5200fe",
            "media_settings_call": [
              {
                "alerting_timeout_sec": 30,
                "service_level_duration_ms": 20000,
                "service_level_percentage": 0.8
              }
            ],
            "media_settings_callback": [
              {
                "alerting_timeout_sec": 30,
                "service_level_duration_ms": 20000,
                "service_level_percentage": 0.8
              }
            ],
            "media_settings_chat": [
              {
                "alerting_timeout_sec": 30,
                "service_level_duration_ms": 20000,
                "service_level_percentage": 0.8
              }
            ],
            "media_settings_email": [
              {
                "alerting_timeout_sec": 300,
                "service_level_duration_ms": 86400000,
                "service_level_percentage": 0.8
              }
            ],
            "media_settings_message": [
              {
                "alerting_timeout_sec": 30,
                "service_level_duration_ms": 20000,
                "service_level_percentage": 0.8
              }
            ],
            "members": [],
            "message_in_queue_flow_id": "",
            "name": "Queue 8",
            "outbound_email_address": [],
            "outbound_messaging_sms_address_id": "",
            "queue_flow_id": "",
            "routing_rules": [],
            "skill_evaluation_method": "BEST",
            "skill_groups": null,
            "teams": null,
            "whisper_prompt_id": "",
            "wrapup_codes": []
          },
          "sensitive_attributes": [],
          "private": "eyJzY2hlbWFfdmVyc2lvbiI6IjEifQ=="
        },
        {
          "index_key": "Queue 9",
          "schema_version": 1,
          "attributes": {
            "acw_timeout_ms": 10000,
            "acw_wrapup_prompt": "MANDATORY_TIMEOUT",
            "auto_answer_only": true,
            "bullseye_rings": [],
            "calling_party_name": "Enbridge Gas",
            "calling_party_number": "1-855-228-4898",
            "default_script_ids": null,
            "description": "GD_Ont_Scheduling_Execution",
            "direct_routing": [],
            "division_id": "ab4b21d3-a456-422d-8536-ded0c16fdd90",
            "email_in_queue_flow_id": "",
            "enable_manual_assignment": false,
            "enable_transcription": false,
            "groups": null,
            "id": "5b57d2c6-2dbc-4bbe-98fb-ad9f3ba048c6",
            "media_settings_call": [
              {
                "alerting_timeout_sec": 30,
                "service_level_duration_ms": 20000,
                "service_level_percentage": 0.8
              }
            ],
            "media_settings_callback": [
              {
                "alerting_timeout_sec": 30,
                "service_level_duration_ms": 20000,
                "service_level_percentage": 0.8
              }
            ],
            "media_settings_chat": [
              {
                "alerting_timeout_sec": 30,
                "service_level_duration_ms": 20000,
                "service_level_percentage": 0.8
              }
            ],
            "media_settings_email": [
              {
                "alerting_timeout_sec": 300,
                "service_level_duration_ms": 86400000,
                "service_level_percentage": 0.8
              }
            ],
            "media_settings_message": [
              {
                "alerting_timeout_sec": 30,
                "service_level_duration_ms": 20000,
                "service_level_percentage": 0.8
              }
            ],
            "members": [],
            "message_in_queue_flow_id": "",
            "name": "Queue 9",
            "outbound_email_address": [],
            "outbound_messaging_sms_address_id": "",
            "queue_flow_id": "",
            "routing_rules": [],
            "skill_evaluation_method": "BEST",
            "skill_groups": null,
            "teams": null,
            "whisper_prompt_id": "",
            "wrapup_codes": []
          },
          "sensitive_attributes": [],
          "private": "eyJzY2hlbWFfdmVyc2lvbiI6IjEifQ=="
        }
      ]
    }
  ],
  "check_results": null
}
